
Microsoft Visual Studio Solution File, Format Version 12.00
# Visual Studio 15
VisualStudioVersion = 15.0.26430.13
MinimumVisualStudioVersion = 10.0.40219.1
Project("{2150E333-8FDC-42A3-9474-1A3956D46DE8}") = "BuildAndDeploy", "BuildAndDeploy", "{CD2635DF-57DE-4525-87AF-25FC7F3B7EAB}"
	ProjectSection(SolutionItems) = preProject
		..\appveyor.yml = ..\appveyor.yml
		iayos.extensions\iayos.extensions.nuspec = iayos.extensions\iayos.extensions.nuspec
		..\README.md = ..\README.md
	EndProjectSection
EndProject
Project("{9A19103F-16F7-4668-BE54-9A1E7A4F7556}") = "iayos.extensions", "iayos.extensions\iayos.extensions.csproj", "{B33CABB0-B7CD-41DB-BD8C-3D788ECA2CFF}"
EndProject
Project("{FAE04EC0-301F-11D3-BF4B-00C04F79EFBC}") = "iayos.extensions.Test.DotNet", "iayos.extensions.Test.DotNet\iayos.extensions.Test.DotNet.csproj", "{9C982E29-9B83-44A0-8D8A-0D42BFEBF13C}"
EndProject
Global
	GlobalSection(SolutionConfigurationPlatforms) = preSolution
		Debug|Any CPU = Debug|Any CPU
		Release|Any CPU = Release|Any CPU
	EndGlobalSection
	GlobalSection(ProjectConfigurationPlatforms) = postSolution
		{B33CABB0-B7CD-41DB-BD8C-3D788ECA2CFF}.Debug|Any CPU.ActiveCfg = Debug|Any CPU
		{B33CABB0-B7CD-41DB-BD8C-3D788ECA2CFF}.Debug|Any CPU.Build.0 = Debug|Any CPU
		{B33CABB0-B7CD-41DB-BD8C-3D788ECA2CFF}.Release|Any CPU.ActiveCfg = Release|Any CPU
		{B33CABB0-B7CD-41DB-BD8C-3D788ECA2CFF}.Release|Any CPU.Build.0 = Release|Any CPU
		{9C982E29-9B83-44A0-8D8A-0D42BFEBF13C}.Debug|Any CPU.ActiveCfg = Debug|Any CPU
		{9C982E29-9B83-44A0-8D8A-0D42BFEBF13C}.Debug|Any CPU.Build.0 = Debug|Any CPU
		{9C982E29-9B83-44A0-8D8A-0D42BFEBF13C}.Release|Any CPU.ActiveCfg = Release|Any CPU
		{9C982E29-9B83-44A0-8D8A-0D42BFEBF13C}.Release|Any CPU.Build.0 = Release|Any CPU
	EndGlobalSection
	GlobalSection(SolutionProperties) = preSolution
		HideSolutionNode = FALSE
	EndGlobalSection
EndGlobal
